
Microsoft Visual Studio Solution File, Format Version 12.00
# Visual Studio 15
VisualStudioVersion = 15.0.27004.2002
MinimumVisualStudioVersion = 10.0.40219.1
Project("{9A19103F-16F7-4668-BE54-9A1E7A4F7556}") = "CameraBazaar.Web", "CameraBazaar.Web\CameraBazaar.Web.csproj", "{1EA5C57B-E212-4248-8854-49FD7EF0EBA5}"
EndProject
Project("{9A19103F-16F7-4668-BE54-9A1E7A4F7556}") = "CameraBazaar.Data", "CameraBazaar.Data\CameraBazaar.Data.csproj", "{5FD42111-AA3A-4748-95C8-8A7847F0F080}"
EndProject
Project("{FAE04EC0-301F-11D3-BF4B-00C04F79EFBC}") = "CameraBazaar.Services", "CameraBazaar.Services\CameraBazaar.Services.csproj", "{0CC3BAB3-8D16-413E-B487-EDF93CAC6ACB}"
EndProject
Global
	GlobalSection(SolutionConfigurationPlatforms) = preSolution
		Debug|Any CPU = Debug|Any CPU
		Release|Any CPU = Release|Any CPU
	EndGlobalSection
	GlobalSection(ProjectConfigurationPlatforms) = postSolution
		{1EA5C57B-E212-4248-8854-49FD7EF0EBA5}.Debug|Any CPU.ActiveCfg = Debug|Any CPU
		{1EA5C57B-E212-4248-8854-49FD7EF0EBA5}.Debug|Any CPU.Build.0 = Debug|Any CPU
		{1EA5C57B-E212-4248-8854-49FD7EF0EBA5}.Release|Any CPU.ActiveCfg = Release|Any CPU
		{1EA5C57B-E212-4248-8854-49FD7EF0EBA5}.Release|Any CPU.Build.0 = Release|Any CPU
		{5FD42111-AA3A-4748-95C8-8A7847F0F080}.Debug|Any CPU.ActiveCfg = Debug|Any CPU
		{5FD42111-AA3A-4748-95C8-8A7847F0F080}.Debug|Any CPU.Build.0 = Debug|Any CPU
		{5FD42111-AA3A-4748-95C8-8A7847F0F080}.Release|Any CPU.ActiveCfg = Release|Any CPU
		{5FD42111-AA3A-4748-95C8-8A7847F0F080}.Release|Any CPU.Build.0 = Release|Any CPU
		{0CC3BAB3-8D16-413E-B487-EDF93CAC6ACB}.Debug|Any CPU.ActiveCfg = Debug|Any CPU
		{0CC3BAB3-8D16-413E-B487-EDF93CAC6ACB}.Debug|Any CPU.Build.0 = Debug|Any CPU
		{0CC3BAB3-8D16-413E-B487-EDF93CAC6ACB}.Release|Any CPU.ActiveCfg = Release|Any CPU
		{0CC3BAB3-8D16-413E-B487-EDF93CAC6ACB}.Release|Any CPU.Build.0 = Release|Any CPU
	EndGlobalSection
	GlobalSection(SolutionProperties) = preSolution
		HideSolutionNode = FALSE
	EndGlobalSection
	GlobalSection(ExtensibilityGlobals) = postSolution
		SolutionGuid = {AEFDE7E7-1877-47C1-9119-137B927DEE6D}
	EndGlobalSection
EndGlobal
